
Microsoft Visual Studio Solution File, Format Version 12.00
# Visual Studio 15
VisualStudioVersion = 15.0.26403.7
MinimumVisualStudioVersion = 10.0.40219.1
Project("{FAE04EC0-301F-11D3-BF4B-00C04F79EFBC}") = "Garden.Web", "Garden.Web\Garden.Web.csproj", "{313AF759-E1E2-48A2-9A33-37C969268487}"
EndProject
Project("{FAE04EC0-301F-11D3-BF4B-00C04F79EFBC}") = "Garden.Services", "Garden.Services\Garden.Services.csproj", "{AC7C5A74-ED6F-4E55-AC38-24BF3FE8CB8C}"
EndProject
Project("{FAE04EC0-301F-11D3-BF4B-00C04F79EFBC}") = "Garden.Models", "Garden.Models\Garden.Models.csproj", "{14F0A1B3-C3EB-4811-9C35-D671FCD13C9A}"
EndProject
Project("{FAE04EC0-301F-11D3-BF4B-00C04F79EFBC}") = "Garden.Data", "Garden.Data\Garden.Data.csproj", "{6D46305D-9617-4056-A5BE-F113300FE084}"
EndProject
Global
	GlobalSection(SolutionConfigurationPlatforms) = preSolution
		Debug|Any CPU = Debug|Any CPU
		Release|Any CPU = Release|Any CPU
	EndGlobalSection
	GlobalSection(ProjectConfigurationPlatforms) = postSolution
		{313AF759-E1E2-48A2-9A33-37C969268487}.Debug|Any CPU.ActiveCfg = Debug|Any CPU
		{313AF759-E1E2-48A2-9A33-37C969268487}.Debug|Any CPU.Build.0 = Debug|Any CPU
		{313AF759-E1E2-48A2-9A33-37C969268487}.Release|Any CPU.ActiveCfg = Release|Any CPU
		{313AF759-E1E2-48A2-9A33-37C969268487}.Release|Any CPU.Build.0 = Release|Any CPU
		{AC7C5A74-ED6F-4E55-AC38-24BF3FE8CB8C}.Debug|Any CPU.ActiveCfg = Debug|Any CPU
		{AC7C5A74-ED6F-4E55-AC38-24BF3FE8CB8C}.Debug|Any CPU.Build.0 = Debug|Any CPU
		{AC7C5A74-ED6F-4E55-AC38-24BF3FE8CB8C}.Release|Any CPU.ActiveCfg = Release|Any CPU
		{AC7C5A74-ED6F-4E55-AC38-24BF3FE8CB8C}.Release|Any CPU.Build.0 = Release|Any CPU
		{14F0A1B3-C3EB-4811-9C35-D671FCD13C9A}.Debug|Any CPU.ActiveCfg = Debug|Any CPU
		{14F0A1B3-C3EB-4811-9C35-D671FCD13C9A}.Debug|Any CPU.Build.0 = Debug|Any CPU
		{14F0A1B3-C3EB-4811-9C35-D671FCD13C9A}.Release|Any CPU.ActiveCfg = Release|Any CPU
		{14F0A1B3-C3EB-4811-9C35-D671FCD13C9A}.Release|Any CPU.Build.0 = Release|Any CPU
		{6D46305D-9617-4056-A5BE-F113300FE084}.Debug|Any CPU.ActiveCfg = Debug|Any CPU
		{6D46305D-9617-4056-A5BE-F113300FE084}.Debug|Any CPU.Build.0 = Debug|Any CPU
		{6D46305D-9617-4056-A5BE-F113300FE084}.Release|Any CPU.ActiveCfg = Release|Any CPU
		{6D46305D-9617-4056-A5BE-F113300FE084}.Release|Any CPU.Build.0 = Release|Any CPU
	EndGlobalSection
	GlobalSection(SolutionProperties) = preSolution
		HideSolutionNode = FALSE
	EndGlobalSection
EndGlobal
